
Microsoft Visual Studio Solution File, Format Version 12.00
# Visual Studio Version 17
VisualStudioVersion = 17.8.34511.84
MinimumVisualStudioVersion = 10.0.40219.1
Project("{FAE04EC0-301F-11D3-BF4B-00C04F79EFBC}") = "SlotMachineee", "SlotMachineee.csproj", "{2E40C47A-8514-43EC-B728-9BC484446D3C}"
EndProject
Global
	GlobalSection(SolutionConfigurationPlatforms) = preSolution
		Debug|Any CPU = Debug|Any CPU
		Release|Any CPU = Release|Any CPU
	EndGlobalSection
	GlobalSection(ProjectConfigurationPlatforms) = postSolution
		{2E40C47A-8514-43EC-B728-9BC484446D3C}.Debug|Any CPU.ActiveCfg = Debug|Any CPU
		{2E40C47A-8514-43EC-B728-9BC484446D3C}.Debug|Any CPU.Build.0 = Debug|Any CPU
		{2E40C47A-8514-43EC-B728-9BC484446D3C}.Release|Any CPU.ActiveCfg = Release|Any CPU
		{2E40C47A-8514-43EC-B728-9BC484446D3C}.Release|Any CPU.Build.0 = Release|Any CPU
	EndGlobalSection
	GlobalSection(SolutionProperties) = preSolution
		HideSolutionNode = FALSE
	EndGlobalSection
	GlobalSection(ExtensibilityGlobals) = postSolution
		SolutionGuid = {A3026C1B-E8B4-4D05-9F18-DF0C547D5983}
	EndGlobalSection
EndGlobal
